
Microsoft Visual Studio Solution File, Format Version 12.00
# Visual Studio Version 17
VisualStudioVersion = 17.14.36623.8
MinimumVisualStudioVersion = 10.0.40219.1
Project("{FAE04EC0-301F-11D3-BF4B-00C04F79EFBC}") = "HRMS.Application", "HRMS.Application\HRMS.Application.csproj", "{01046F35-5651-4398-9D90-5D8D55E3B746}"
EndProject
Project("{FAE04EC0-301F-11D3-BF4B-00C04F79EFBC}") = "HRMS.API", "HRMS.API\HRMS.API.csproj", "{14E0AB02-E10C-8BAA-A03F-BDD02BA64DA3}"
EndProject
Project("{FAE04EC0-301F-11D3-BF4B-00C04F79EFBC}") = "HRMS.Core", "HRMS.Core\HRMS.Core.csproj", "{53EFD3F0-B4A7-8144-125C-9D29E020494C}"
EndProject
Project("{FAE04EC0-301F-11D3-BF4B-00C04F79EFBC}") = "HRMS.Infrastructure", "HRMS.Infrastructure\HRMS.Infrastructure.csproj", "{0F380414-7E88-8063-76C8-ED73F822396D}"
EndProject
Global
	GlobalSection(SolutionConfigurationPlatforms) = preSolution
		Debug|Any CPU = Debug|Any CPU
		Release|Any CPU = Release|Any CPU
	EndGlobalSection
	GlobalSection(ProjectConfigurationPlatforms) = postSolution
		{01046F35-5651-4398-9D90-5D8D55E3B746}.Debug|Any CPU.ActiveCfg = Debug|Any CPU
		{01046F35-5651-4398-9D90-5D8D55E3B746}.Debug|Any CPU.Build.0 = Debug|Any CPU
		{01046F35-5651-4398-9D90-5D8D55E3B746}.Release|Any CPU.ActiveCfg = Release|Any CPU
		{01046F35-5651-4398-9D90-5D8D55E3B746}.Release|Any CPU.Build.0 = Release|Any CPU
		{14E0AB02-E10C-8BAA-A03F-BDD02BA64DA3}.Debug|Any CPU.ActiveCfg = Debug|Any CPU
		{14E0AB02-E10C-8BAA-A03F-BDD02BA64DA3}.Debug|Any CPU.Build.0 = Debug|Any CPU
		{14E0AB02-E10C-8BAA-A03F-BDD02BA64DA3}.Release|Any CPU.ActiveCfg = Release|Any CPU
		{14E0AB02-E10C-8BAA-A03F-BDD02BA64DA3}.Release|Any CPU.Build.0 = Release|Any CPU
		{53EFD3F0-B4A7-8144-125C-9D29E020494C}.Debug|Any CPU.ActiveCfg = Debug|Any CPU
		{53EFD3F0-B4A7-8144-125C-9D29E020494C}.Debug|Any CPU.Build.0 = Debug|Any CPU
		{53EFD3F0-B4A7-8144-125C-9D29E020494C}.Release|Any CPU.ActiveCfg = Release|Any CPU
		{53EFD3F0-B4A7-8144-125C-9D29E020494C}.Release|Any CPU.Build.0 = Release|Any CPU
		{0F380414-7E88-8063-76C8-ED73F822396D}.Debug|Any CPU.ActiveCfg = Debug|Any CPU
		{0F380414-7E88-8063-76C8-ED73F822396D}.Debug|Any CPU.Build.0 = Debug|Any CPU
		{0F380414-7E88-8063-76C8-ED73F822396D}.Release|Any CPU.ActiveCfg = Release|Any CPU
		{0F380414-7E88-8063-76C8-ED73F822396D}.Release|Any CPU.Build.0 = Release|Any CPU
	EndGlobalSection
	GlobalSection(SolutionProperties) = preSolution
		HideSolutionNode = FALSE
	EndGlobalSection
	GlobalSection(ExtensibilityGlobals) = postSolution
		SolutionGuid = {99785996-4705-451B-B7AC-C7DC3A0C511E}
	EndGlobalSection
EndGlobal
